
Microsoft Visual Studio Solution File, Format Version 12.00
# Visual Studio Version 17
VisualStudioVersion = 17.2.32630.192
MinimumVisualStudioVersion = 10.0.40219.1
Project("{9A19103F-16F7-4668-BE54-9A1E7A4F7556}") = "CrossingSequences", "CrossingSequences\CrossingSequences.csproj", "{9FDA05CA-1DB7-4277-95E3-2F8584D6CEEE}"
EndProject
Project("{9A19103F-16F7-4668-BE54-9A1E7A4F7556}") = "MagicDates", "MagicDates\MagicDates.csproj", "{E94D7BF6-4EF2-4EF2-9236-4C661E90C8BA}"
EndProject
Project("{9A19103F-16F7-4668-BE54-9A1E7A4F7556}") = "PassionDays", "PassionDays\PassionDays.csproj", "{2F8CC4B8-D9E0-4114-AF5D-5AF690F4A603}"
EndProject
Global
	GlobalSection(SolutionConfigurationPlatforms) = preSolution
		Debug|Any CPU = Debug|Any CPU
		Release|Any CPU = Release|Any CPU
	EndGlobalSection
	GlobalSection(ProjectConfigurationPlatforms) = postSolution
		{9FDA05CA-1DB7-4277-95E3-2F8584D6CEEE}.Debug|Any CPU.ActiveCfg = Debug|Any CPU
		{9FDA05CA-1DB7-4277-95E3-2F8584D6CEEE}.Debug|Any CPU.Build.0 = Debug|Any CPU
		{9FDA05CA-1DB7-4277-95E3-2F8584D6CEEE}.Release|Any CPU.ActiveCfg = Release|Any CPU
		{9FDA05CA-1DB7-4277-95E3-2F8584D6CEEE}.Release|Any CPU.Build.0 = Release|Any CPU
		{E94D7BF6-4EF2-4EF2-9236-4C661E90C8BA}.Debug|Any CPU.ActiveCfg = Debug|Any CPU
		{E94D7BF6-4EF2-4EF2-9236-4C661E90C8BA}.Debug|Any CPU.Build.0 = Debug|Any CPU
		{E94D7BF6-4EF2-4EF2-9236-4C661E90C8BA}.Release|Any CPU.ActiveCfg = Release|Any CPU
		{E94D7BF6-4EF2-4EF2-9236-4C661E90C8BA}.Release|Any CPU.Build.0 = Release|Any CPU
		{2F8CC4B8-D9E0-4114-AF5D-5AF690F4A603}.Debug|Any CPU.ActiveCfg = Debug|Any CPU
		{2F8CC4B8-D9E0-4114-AF5D-5AF690F4A603}.Debug|Any CPU.Build.0 = Debug|Any CPU
		{2F8CC4B8-D9E0-4114-AF5D-5AF690F4A603}.Release|Any CPU.ActiveCfg = Release|Any CPU
		{2F8CC4B8-D9E0-4114-AF5D-5AF690F4A603}.Release|Any CPU.Build.0 = Release|Any CPU
	EndGlobalSection
	GlobalSection(SolutionProperties) = preSolution
		HideSolutionNode = FALSE
	EndGlobalSection
	GlobalSection(ExtensibilityGlobals) = postSolution
		SolutionGuid = {19E54E7A-F390-4DAB-B70C-3354E14A446C}
	EndGlobalSection
EndGlobal
